lockfileVersion: '9.0'

settings:
  autoInstallPeers: true
  excludeLinksFromLockfile: false

importers:

  .:
    dependencies:
      '@codama/nodes-from-anchor':
        specifier: ^1.5.1
        version: 1.5.1(fastestsmallesttextencoderdecoder@1.0.22)(typescript@5.9.3)
    devDependencies:
      '@pratikbuilds/web3js-legacy':
        specifier: file:../../..
        version: file:../../..(bufferutil@4.1.0)(fastestsmallesttextencoderdecoder@1.0.22)(typescript@5.9.3)(utf-8-validate@5.0.10)

packages:

  '@babel/runtime@7.28.6':
    resolution: {integrity: sha512-05WQkdpL9COIMz4LjTxGpPNCdlpyimKppYNoJ5Di5EUObifl8t4tuLuUBBZEpoLYOmfvIWrsp9fCl0HoPRVTdA==}
    engines: {node: '>=6.9.0'}

  '@codama/errors@1.8.0':
    resolution: {integrity: sha512-A0FNhbfS1PBSK0nS+g65IR8+OKkifuIJCCnLCUBXb+I/OYMGlJMycMpU4pwAEEGS5GAnue7D/llXE+KpUaMi8w==, tarball: https://registry.npmjs.org/@codama/errors/-/errors-1.8.0.tgz}
    hasBin: true

  '@codama/fragments@0.1.1':
    resolution: {integrity: sha512-+DeC2YklyYf+qjRkoTKeG6HFgwsW7hiQko7er18dgsxF15M316EwYL2W40nKDPWlEhB/iME+sZR5++VQPUO/6w==, tarball: https://registry.npmjs.org/@codama/fragments/-/fragments-0.1.1.tgz}

  '@codama/node-types@1.8.0':
    resolution: {integrity: sha512-KE9K9jjEdeFKtDKRrjjm5YwEkg7l+YwoWiH2w1UXJL/x6P5uul6+O5WnGsJn8IFtBVSLN4hbD7YSsZ0/lktJxQ==, tarball: https://registry.npmjs.org/@codama/node-types/-/node-types-1.8.0.tgz}

  '@codama/nodes-from-anchor@1.5.1':
    resolution: {integrity: sha512-AQee53GV/OY+jJE4PsORPoSagFwGMul1cpSBYhKzvxcrJg1xBesiblPqweNDVIW3NyskHB+x1kQpuq6bsJdb+w==, tarball: https://registry.npmjs.org/@codama/nodes-from-anchor/-/nodes-from-anchor-1.5.1.tgz}

  '@codama/nodes@1.8.0':
    resolution: {integrity: sha512-rl+7BxYatAE6uq5h9b5fEilGLd3YeJaJxqgLDAvdKQ5pspq6ch5ww9NiigkwdvDYli1Yk56PRhMZdLsiZIVgAA==, tarball: https://registry.npmjs.org/@codama/nodes/-/nodes-1.8.0.tgz}

  '@codama/renderers-core@1.3.9':
    resolution: {integrity: sha512-DwMxltM+cldAK+rgtE3jVOmrGZuP7fA/ZLu6vgrsQYBp5dkOXCyiGBdpAz0VlhxaN4lB5TzT2Ia+EVv5G4YdGQ==, tarball: https://registry.npmjs.org/@codama/renderers-core/-/renderers-core-1.3.9.tgz}

  '@codama/visitors-core@1.8.0':
    resolution: {integrity: sha512-CLO0icVvzAutjI7imuN1Rib0/GIBc7hhwQ5gcE3aVAVBHUNS4M27BzagqYTpL0cMC9I1tL9c6lhpCBV2kKs6Zg==, tarball: https://registry.npmjs.org/@codama/visitors-core/-/visitors-core-1.8.0.tgz}

  '@codama/visitors@1.8.0':
    resolution: {integrity: sha512-vQ863YkHBdLWZeaiPKisiRe0bbuBEBe9xDWVcLCCLRsmKCQuS+GB4bKxIwrlTr9cxCOGyQLkI7B/yAqyYEdbmw==, tarball: https://registry.npmjs.org/@codama/visitors/-/visitors-1.8.0.tgz}

  '@noble/curves@1.9.7':
    resolution: {integrity: sha512-gbKGcRUYIjA3/zCCNaWDciTMFI0dCkvou3TL8Zmy5Nc7sJ47a0jtOeZoTaMxkuqRo9cRhjOdZJXegxYE5FN/xw==}
    engines: {node: ^14.21.3 || >=16}

  '@noble/hashes@1.8.0':
    resolution: {integrity: sha512-jCs9ldd7NwzpgXDIf6P3+NrHh9/sD6CQdxHyjQI+h/6rDNo88ypBxxz45UDuZHz9r3tNz7N/VInSVoVdtXEI4A==}
    engines: {node: ^14.21.3 || >=16}

  '@noble/hashes@2.0.1':
    resolution: {integrity: sha512-XlOlEbQcE9fmuXxrVTXCTlG2nlRXa9Rj3rr5Ue/+tX+nmkgbX720YHh0VR3hBF9xDvwnb8D2shVGOwNx+ulArw==, tarball: https://registry.npmjs.org/@noble/hashes/-/hashes-2.0.1.tgz}
    engines: {node: '>= 20.19.0'}

  '@pratikbuilds/web3js-legacy@file:../../..':
    resolution: {directory: ../../.., type: directory}
    engines: {node: '>=20.18.0'}

  '@solana/buffer-layout@4.0.1':
    resolution: {integrity: sha512-E1ImOIAD1tBZFRdjeM4/pzTiTApC0AOBGwyAMS4fwIodCWArzJ3DWdoh8cKxeFM2fElkxBh2Aqts1BPC373rHA==}
    engines: {node: '>=5.10'}

  '@solana/codecs-core@2.3.0':
    resolution: {integrity: sha512-oG+VZzN6YhBHIoSKgS5ESM9VIGzhWjEHEGNPSibiDTxFhsFWxNaz8LbMDPjBUE69r9wmdGLkrQ+wVPbnJcZPvw==}
    engines: {node: '>=20.18.0'}
    peerDependencies:
      typescript: '>=5.3.3'

  '@solana/codecs-core@3.0.3':
    resolution: {integrity: sha512-emKykJ3h1DmnDOY29Uv9eJXP8E/FHzvlUBJ6te+5EbKdFjj7vdlKYPfDxOI6iGdXTY+YC/ELtbNBh6QwF2uEDQ==}
    engines: {node: '>=20.18.0'}
    peerDependencies:
      typescript: '>=5.3.3'

  '@solana/codecs-core@5.5.1':
    resolution: {integrity: sha512-TgBt//bbKBct0t6/MpA8ElaOA3sa8eYVvR7LGslCZ84WiAwwjCY0lW/lOYsFHJQzwREMdUyuEyy5YWBKtdh8Rw==, tarball: https://registry.npmjs.org/@solana/codecs-core/-/codecs-core-5.5.1.tgz}
    engines: {node: '>=20.18.0'}
    peerDependencies:
      typescript: ^5.0.0
    peerDependenciesMeta:
      typescript:
        optional: true

  '@solana/codecs-data-structures@3.0.3':
    resolution: {integrity: sha512-R15cLp8riJvToXziW8lP6AMSwsztGhEnwgyGmll32Mo0Yjq+hduW2/fJrA/TJs6tA/OgTzMQjlxgk009EqZHCw==}
    engines: {node: '>=20.18.0'}
    peerDependencies:
      typescript: '>=5.3.3'

  '@solana/codecs-data-structures@5.5.1':
    resolution: {integrity: sha512-97bJWGyUY9WvBz3mX1UV3YPWGDTez6btCfD0ip3UVEXJbItVuUiOkzcO5iFDUtQT5riKT6xC+Mzl+0nO76gd0w==, tarball: https://registry.npmjs.org/@solana/codecs-data-structures/-/codecs-data-structures-5.5.1.tgz}
    engines: {node: '>=20.18.0'}
    peerDependencies:
      typescript: ^5.0.0
    peerDependenciesMeta:
      typescript:
        optional: true

  '@solana/codecs-numbers@2.3.0':
    resolution: {integrity: sha512-jFvvwKJKffvG7Iz9dmN51OGB7JBcy2CJ6Xf3NqD/VP90xak66m/Lg48T01u5IQ/hc15mChVHiBm+HHuOFDUrQg==}
    engines: {node: '>=20.18.0'}
    peerDependencies:
      typescript: '>=5.3.3'

  '@solana/codecs-numbers@3.0.3':
    resolution: {integrity: sha512-pfXkH9J0glrM8qj6389GAn30+cJOxzXLR2FsPOHCUMXrqLhGjMMZAWhsQkpOQ37SGc/7EiQsT/gmyGC7gxHqJQ==}
    engines: {node: '>=20.18.0'}
    peerDependencies:
      typescript: '>=5.3.3'

  '@solana/codecs-numbers@5.5.1':
    resolution: {integrity: sha512-rllMIZAHqmtvC0HO/dc/21wDuWaD0B8Ryv8o+YtsICQBuiL/0U4AGwH7Pi5GNFySYk0/crSuwfIqQFtmxNSPFw==, tarball: https://registry.npmjs.org/@solana/codecs-numbers/-/codecs-numbers-5.5.1.tgz}
    engines: {node: '>=20.18.0'}
    peerDependencies:
      typescript: ^5.0.0
    peerDependenciesMeta:
      typescript:
        optional: true

  '@solana/codecs-strings@3.0.3':
    resolution: {integrity: sha512-VHBXnnTVtcQ1j+7Vrz+qSYo38no+jiHRdGnhFspRXEHNJbllzwKqgBE7YN3qoIXH+MKxgJUcwO5KHmdzf8Wn2A==}
    engines: {node: '>=20.18.0'}
    peerDependencies:
      fastestsmallesttextencoderdecoder: ^1.0.22
      typescript: '>=5.3.3'

  '@solana/codecs-strings@5.5.1':
    resolution: {integrity: sha512-7klX4AhfHYA+uKKC/nxRGP2MntbYQCR3N6+v7bk1W/rSxYuhNmt+FN8aoThSZtWIKwN6BEyR1167ka8Co1+E7A==, tarball: https://registry.npmjs.org/@solana/codecs-strings/-/codecs-strings-5.5.1.tgz}
    engines: {node: '>=20.18.0'}
    peerDependencies:
      fastestsmallesttextencoderdecoder: ^1.0.22
      typescript: ^5.0.0
    peerDependenciesMeta:
      fastestsmallesttextencoderdecoder:
        optional: true
      typescript:
        optional: true

  '@solana/codecs@3.0.3':
    resolution: {integrity: sha512-GOHwTlIQsCoJx9Ryr6cEf0FHKAQ7pY4aO4xgncAftrv0lveTQ1rPP2inQ1QT0gJllsIa8nwbfXAADs9nNJxQDA==}
    engines: {node: '>=20.18.0'}
    peerDependencies:
      typescript: '>=5.3.3'

  '@solana/codecs@5.5.1':
    resolution: {integrity: sha512-Vea29nJub/bXjfzEV7ZZQ/PWr1pYLZo3z0qW0LQL37uKKVzVFRQlwetd7INk3YtTD3xm9WUYr7bCvYUk3uKy2g==, tarball: https://registry.npmjs.org/@solana/codecs/-/codecs-5.5.1.tgz}
    engines: {node: '>=20.18.0'}
    peerDependencies:
      typescript: ^5.0.0
    peerDependenciesMeta:
      typescript:
        optional: true

  '@solana/errors@2.3.0':
    resolution: {integrity: sha512-66RI9MAbwYV0UtP7kGcTBVLxJgUxoZGm8Fbc0ah+lGiAw17Gugco6+9GrJCV83VyF2mDWyYnYM9qdI3yjgpnaQ==}
    engines: {node: '>=20.18.0'}
    hasBin: true
    peerDependencies:
      typescript: '>=5.3.3'

  '@solana/errors@3.0.3':
    resolution: {integrity: sha512-1l84xJlHNva6io62PcYfUamwWlc0eM95nHgCrKX0g0cLoC6D6QHYPCEbEVkR+C5UtP9JDgyQM8MFiv+Ei5tO9Q==}
    engines: {node: '>=20.18.0'}
    hasBin: true
    peerDependencies:
      typescript: '>=5.3.3'

  '@solana/errors@5.5.1':
    resolution: {integrity: sha512-vFO3p+S7HoyyrcAectnXbdsMfwUzY2zYFUc2DEe5BwpiE9J1IAxPBGjOWO6hL1bbYdBrlmjNx8DXCslqS+Kcmg==, tarball: https://registry.npmjs.org/@solana/errors/-/errors-5.5.1.tgz}
    engines: {node: '>=20.18.0'}
    hasBin: true
    peerDependencies:
      typescript: ^5.0.0
    peerDependenciesMeta:
      typescript:
        optional: true

  '@solana/options@3.0.3':
    resolution: {integrity: sha512-jarsmnQ63RN0JPC5j9sgUat07NrL9PC71XU7pUItd6LOHtu4+wJMio3l5mT0DHVfkfbFLL6iI6+QmXSVhTNF3g==}
    engines: {node: '>=20.18.0'}
    peerDependencies:
      typescript: '>=5.3.3'

  '@solana/options@5.5.1':
    resolution: {integrity: sha512-eo971c9iLNLmk+yOFyo7yKIJzJ/zou6uKpy6mBuyb/thKtS/haiKIc3VLhyTXty3OH2PW8yOlORJnv4DexJB8A==, tarball: https://registry.npmjs.org/@solana/options/-/options-5.5.1.tgz}
    engines: {node: '>=20.18.0'}
    peerDependencies:
      typescript: ^5.0.0
    peerDependenciesMeta:
      typescript:
        optional: true

  '@solana/web3.js@1.98.4':
    resolution: {integrity: sha512-vv9lfnvjUsRiq//+j5pBdXig0IQdtzA0BRZ3bXEP4KaIyF1CcaydWqgyzQgfZMNIsWNWmG+AUHwPy4AHOD6gpw==}

  '@swc/helpers@0.5.18':
    resolution: {integrity: sha512-TXTnIcNJQEKwThMMqBXsZ4VGAza6bvN4pa41Rkqoio6QBKMvo+5lexeTMScGCIxtzgQJzElcvIltani+adC5PQ==}

  '@types/connect@3.4.38':
    resolution: {integrity: sha512-K6uROf1LD88uDQqJCktA4yzL1YYAK6NgfsI0v/mTgyPKWsX1CnJ0XPSDhViejru1GcRkLWb8RlzFYJRqGUbaug==}

  '@types/node@12.20.55':
    resolution: {integrity: sha512-J8xLz7q2OFulZ2cyGTLE1TbbZcjpno7FaN6zdJNrgAdrJ+DZzh/uFR6YrTb4C+nXakvud8Q4+rbhoIWlYQbUFQ==}

  '@types/node@25.2.3':
    resolution: {integrity: sha512-m0jEgYlYz+mDJZ2+F4v8D1AyQb+QzsNqRuI7xg1VQX/KlKS0qT9r1Mo16yo5F/MtifXFgaofIFsdFMox2SxIbQ==}

  '@types/uuid@8.3.4':
    resolution: {integrity: sha512-c/I8ZRb51j+pYGAu5CrFMRxqZ2ke4y2grEBO5AUjgSkSk+qT2Ea+OdWElz/OiMf5MNpn2b17kuVBwZLQJXzihw==}

  '@types/ws@7.4.7':
    resolution: {integrity: sha512-JQbbmxZTZehdc2iszGKs5oC3NFnjeay7mtAWrdt7qNtAVK0g19muApzAy4bm9byz79xa2ZnO/BOBC2R8RC5Lww==}

  '@types/ws@8.18.1':
    resolution: {integrity: sha512-ThVF6DCVhA8kUGy+aazFQ4kXQ7E1Ty7A3ypFOe0IcJV8O/M511G99AW24irKrW56Wt44yG9+ij8FaqoBGkuBXg==}

  agentkeepalive@4.6.0:
    resolution: {integrity: sha512-kja8j7PjmncONqaTsB8fQ+wE2mSU2DJ9D4XKoJ5PFWIdRMa6SLSN1ff4mOr4jCbfRSsxR4keIiySJU0N9T5hIQ==}
    engines: {node: '>= 8.0.0'}

  base-x@3.0.11:
    resolution: {integrity: sha512-xz7wQ8xDhdyP7tQxwdteLYeFfS68tSMNCZ/Y37WJ4bhGfKPpqEIlmIyueQHqOyoPhE6xNUqjzRr8ra0eF9VRvA==}

  base64-js@1.5.1:
    resolution: {integrity: sha512-AKpaYlHn8t4SVbOHCy+b5+KKgvR4vrsD8vbvrbiQJps7fKDTkjkDry6ji0rUJjC0kzbNePLwzxq8iypo41qeWA==}

  bn.js@5.2.2:
    resolution: {integrity: sha512-v2YAxEmKaBLahNwE1mjp4WON6huMNeuDvagFZW+ASCuA/ku0bXR9hSMw0XpiqMoA3+rmnyck/tPRSFQkoC9Cuw==}

  borsh@0.7.0:
    resolution: {integrity: sha512-CLCsZGIBCFnPtkNnieW/a8wmreDmfUtjU2m9yHrzPXIlNbqVs0AQrSatSG6vdNYUqdc83tkQi2eHfF98ubzQLA==}

  bs58@4.0.1:
    resolution: {integrity: sha512-Ok3Wdf5vOIlBrgCvTq96gBkJw+JUEzdBgyaza5HLtPm7yTHkjRy8+JzNyHF7BHa0bNWOQIp3m5YF0nnFcOIKLw==}

  buffer@6.0.3:
    resolution: {integrity: sha512-FTiCpNxtwiZZHEZbcbTIcZjERVICn9yq/pDFkTl95/AxzD1naBctN7YO68riM/gLSDY7sdrMby8hofADYuuqOA==}

  bufferutil@4.1.0:
    resolution: {integrity: sha512-ZMANVnAixE6AWWnPzlW2KpUrxhm9woycYvPOo67jWHyFowASTEd9s+QN1EIMsSDtwhIxN4sWE1jotpuDUIgyIw==, tarball: https://registry.npmjs.org/bufferutil/-/bufferutil-4.1.0.tgz}
    engines: {node: '>=6.14.2'}

  call-bind-apply-helpers@1.0.2:
    resolution: {integrity: sha512-Sp1ablJ0ivDkSzjcaJdxEunN5/XvksFJ2sMBFfq6x0ryhQV/2b/KwFe21cMpmHtPOSij8K99/wSfoEuTObmuMQ==, tarball: https://registry.npmjs.org/call-bind-apply-helpers/-/call-bind-apply-helpers-1.0.2.tgz}
    engines: {node: '>= 0.4'}

  call-bind@1.0.8:
    resolution: {integrity: sha512-oKlSFMcMwpUg2ednkhQ454wfWiU/ul3CkJe/PEHcTKuiX6RpbehUiFMXu13HalGZxfUwCQzZG747YXBn1im9ww==, tarball: https://registry.npmjs.org/call-bind/-/call-bind-1.0.8.tgz}
    engines: {node: '>= 0.4'}

  call-bound@1.0.4:
    resolution: {integrity: sha512-+ys997U96po4Kx/ABpBCqhA9EuxJaQWDQg7295H4hBphv3IZg0boBKuwYpt4YXp6MZ5AmZQnU/tyMTlRpaSejg==, tarball: https://registry.npmjs.org/call-bound/-/call-bound-1.0.4.tgz}
    engines: {node: '>= 0.4'}

  chalk@5.6.2:
    resolution: {integrity: sha512-7NzBL0rN6fMUW+f7A6Io4h40qQlG+xGmtMxfbnH/K7TAtt8JQWVQK+6g0UXKMeVJoyV5EkkNsErQ8pVD3bLHbA==}
    engines: {node: ^12.17.0 || ^14.13 || >=16.0.0}

  commander@14.0.0:
    resolution: {integrity: sha512-2uM9rYjPvyq39NwLRqaiLtWHyDC1FvryJDa2ATTVims5YAS4PupsEQsDvP14FqhFr0P49CYDugi59xaxJlTXRA==}
    engines: {node: '>=20'}

  commander@14.0.2:
    resolution: {integrity: sha512-TywoWNNRbhoD0BXs1P3ZEScW8W5iKrnbithIl0YH+uCmBd0QpPOA8yc82DS3BIE5Ma6FnBVUsJ7wVUDz4dvOWQ==, tarball: https://registry.npmjs.org/commander/-/commander-14.0.2.tgz}
    engines: {node: '>=20'}

  commander@14.0.3:
    resolution: {integrity: sha512-H+y0Jo/T1RZ9qPP4Eh1pkcQcLRglraJaSLoyOtHxu6AapkjWVCy2Sit1QQ4x3Dng8qDlSsZEet7g5Pq06MvTgw==}
    engines: {node: '>=20'}

  commander@2.20.3:
    resolution: {integrity: sha512-GpVkmM8vF2vQUkj2LvZmD35JxeJOLCwJ9cUkugyk2nuhbv3+mJvpLYYt+0+USMxE+oj+ey/lJEnhZw75x/OMcQ==}

  define-data-property@1.1.4:
    resolution: {integrity: sha512-rBMvIzlpA8v6E+SJZoo++HAYqsLrkg7MSfIinMPFhmkorw7X+dOXVJQs+QT69zGkzMyfDnIMN2Wid1+NbL3T+A==, tarball: https://registry.npmjs.org/define-data-property/-/define-data-property-1.1.4.tgz}
    engines: {node: '>= 0.4'}

  delay@5.0.0:
    resolution: {integrity: sha512-ReEBKkIfe4ya47wlPYf/gu5ib6yUG0/Aez0JQZQz94kiWtRQvZIQbTiehsnwHvLSWJnQdhVeqYue7Id1dKr0qw==}
    engines: {node: '>=10'}

  dunder-proto@1.0.1:
    resolution: {integrity: sha512-KIN/nDJBQRcXw0MLVhZE9iQHmG68qAVIBg9CqmUYjmQIhgij9U5MFvrqkUL5FbtyyzZuOeOt0zdeRe4UY7ct+A==, tarball: https://registry.npmjs.org/dunder-proto/-/dunder-proto-1.0.1.tgz}
    engines: {node: '>= 0.4'}

  es-define-property@1.0.1:
    resolution: {integrity: sha512-e3nRfgfUZ4rNGL232gUgX06QNyyez04KdjFrF+LTRoOXmrOgFKDg4BCdsjW8EnT69eqdYGmRpJwiPVYNrCaW3g==, tarball: https://registry.npmjs.org/es-define-property/-/es-define-property-1.0.1.tgz}
    engines: {node: '>= 0.4'}

  es-errors@1.3.0:
    resolution: {integrity: sha512-Zf5H2Kxt2xjTvbJvP2ZWLEICxA6j+hAmMzIlypy4xcBg1vKVnx89Wy0GbS+kf5cwCVFFzdCFh2XSCFNULS6csw==, tarball: https://registry.npmjs.org/es-errors/-/es-errors-1.3.0.tgz}
    engines: {node: '>= 0.4'}

  es-object-atoms@1.1.1:
    resolution: {integrity: sha512-FGgH2h8zKNim9ljj7dankFPcICIK9Cp5bm+c2gQSYePhpaG5+esrLODihIorn+Pe6FGJzWhXQotPv73jTaldXA==, tarball: https://registry.npmjs.org/es-object-atoms/-/es-object-atoms-1.1.1.tgz}
    engines: {node: '>= 0.4'}

  es6-promise@4.2.8:
    resolution: {integrity: sha512-HJDGx5daxeIvxdBxvG2cb9g4tEvwIk3i8+nhX0yGrYmZUzbkdg8QbDevheDB8gd0//uPj4c1EQua8Q+MViT0/w==}

  es6-promisify@5.0.0:
    resolution: {integrity: sha512-C+d6UdsYDk0lMebHNR4S2NybQMMngAOnOwYBQjTOiv0MkoJMP0Myw2mgpDLBcpfCmRLxyFqYhS/CfOENq4SJhQ==}

  eventemitter3@5.0.4:
    resolution: {integrity: sha512-mlsTRyGaPBjPedk6Bvw+aqbsXDtoAyAzm5MO7JgU+yVRyMQ5O8bD4Kcci7BS85f93veegeCPkL8R4GLClnjLFw==}

  eyes@0.1.8:
    resolution: {integrity: sha512-GipyPsXO1anza0AOZdy69Im7hGFCNB7Y/NGjDlZGJ3GJJLtwNSb2vrzYrTYJRrRloVx7pl+bhUaTB8yiccPvFQ==}
    engines: {node: '> 0.1.90'}

  fast-stable-stringify@1.0.0:
    resolution: {integrity: sha512-wpYMUmFu5f00Sm0cj2pfivpmawLZ0NKdviQ4w9zJeR8JVtOpOxHmLaJuj0vxvGqMJQWyP/COUkF75/57OKyRag==}

  fastestsmallesttextencoderdecoder@1.0.22:
    resolution: {integrity: sha512-Pb8d48e+oIuY4MaM64Cd7OW1gt4nxCHs7/ddPPZ/Ic3sg8yVGM7O9wDvZ7us6ScaUupzM+pfBolwtYhN1IxBIw==, tarball: https://registry.npmjs.org/fastestsmallesttextencoderdecoder/-/fastestsmallesttextencoderdecoder-1.0.22.tgz}

  function-bind@1.1.2:
    resolution: {integrity: sha512-7XHNxH7qX9xG5mIwxkhumTox/MIRNcOgDrxWsMt2pAr23WHp6MrRlN7FBSFpCpr+oVO0F744iUgR82nJMfG2SA==, tarball: https://registry.npmjs.org/function-bind/-/function-bind-1.1.2.tgz}

  get-intrinsic@1.3.0:
    resolution: {integrity: sha512-9fSjSaos/fRIVIp+xSJlE6lfwhES7LNtKaCBIamHsjr2na1BiABJPo0mOjjz8GJDURarmCPGqaiVg5mfjb98CQ==, tarball: https://registry.npmjs.org/get-intrinsic/-/get-intrinsic-1.3.0.tgz}
    engines: {node: '>= 0.4'}

  get-proto@1.0.1:
    resolution: {integrity: sha512-sTSfBjoXBp89JvIKIefqw7U2CCebsc74kiY6awiGogKtoSGbgjYE/G/+l9sF3MWFPNc9IcoOC4ODfKHfxFmp0g==, tarball: https://registry.npmjs.org/get-proto/-/get-proto-1.0.1.tgz}
    engines: {node: '>= 0.4'}

  gopd@1.2.0:
    resolution: {integrity: sha512-ZUKRh6/kUFoAiTAtTYPZJ3hw9wNxx+BIBOijnlG9PnrJsCcSjs1wyyD6vJpaYtgnzDrKYRSqf3OO6Rfa93xsRg==, tarball: https://registry.npmjs.org/gopd/-/gopd-1.2.0.tgz}
    engines: {node: '>= 0.4'}

  has-property-descriptors@1.0.2:
    resolution: {integrity: sha512-55JNKuIW+vq4Ke1BjOTjM2YctQIvCT7GFzHwmfZPGo5wnrgkid0YQtnAleFSqumZm4az3n2BS+erby5ipJdgrg==, tarball: https://registry.npmjs.org/has-property-descriptors/-/has-property-descriptors-1.0.2.tgz}

  has-symbols@1.1.0:
    resolution: {integrity: sha512-1cDNdwJ2Jaohmb3sg4OmKaMBwuC48sYni5HUw2DvsC8LjGTLK9h+eb1X6RyuOHe4hT0ULCW68iomhjUoKUqlPQ==, tarball: https://registry.npmjs.org/has-symbols/-/has-symbols-1.1.0.tgz}
    engines: {node: '>= 0.4'}

  hasown@2.0.2:
    resolution: {integrity: sha512-0hJU9SCPvmMzIBdZFqNPXWa6dqh7WdH0cII9y+CyS8rG3nL48Bclra9HmKhVVUHyPWNH5Y7xDwAB7bfgSjkUMQ==, tarball: https://registry.npmjs.org/hasown/-/hasown-2.0.2.tgz}
    engines: {node: '>= 0.4'}

  humanize-ms@1.2.1:
    resolution: {integrity: sha512-Fl70vYtsAFb/C06PTS9dZBo7ihau+Tu/DNCk/OyHhea07S+aeMWpFFkUaXRa8fI+ScZbEI8dfSxwY7gxZ9SAVQ==}

  ieee754@1.2.1:
    resolution: {integrity: sha512-dcyqhDvX1C46lXZcVqCpK+FtMRQVdIMN6/Df5js2zouUsqG7I6sFxitIC+7KYK29KdXOLHdu9zL4sFnoVQnqaA==}

  isarray@2.0.5:
    resolution: {integrity: sha512-xHjhDr3cNBK0BzdUJSPXZntQUx/mwMS5Rw4A7lPJ90XGAO6ISP/ePDNuo0vhqOZU+UD5JoodwCAAoZQd3FeAKw==, tarball: https://registry.npmjs.org/isarray/-/isarray-2.0.5.tgz}

  isomorphic-ws@4.0.1:
    resolution: {integrity: sha512-BhBvN2MBpWTaSHdWRb/bwdZJ1WaehQ2L1KngkCkfLUGF0mAWAT1sQUQacEmQ0jXkFw/czDXPNQSL5u2/Krsz1w==}
    peerDependencies:
      ws: '*'

  jayson@4.3.0:
    resolution: {integrity: sha512-AauzHcUcqs8OBnCHOkJY280VaTiCm57AbuO7lqzcw7JapGj50BisE3xhksye4zlTSR1+1tAz67wLTl8tEH1obQ==}
    engines: {node: '>=8'}
    hasBin: true

  json-stable-stringify@1.3.0:
    resolution: {integrity: sha512-qtYiSSFlwot9XHtF9bD9c7rwKjr+RecWT//ZnPvSmEjpV5mmPOCN4j8UjY5hbjNkOwZ/jQv3J6R1/pL7RwgMsg==, tarball: https://registry.npmjs.org/json-stable-stringify/-/json-stable-stringify-1.3.0.tgz}
    engines: {node: '>= 0.4'}

  json-stringify-safe@5.0.1:
    resolution: {integrity: sha512-ZClg6AaYvamvYEE82d3Iyd3vSSIjQ+odgjaTzRuO3s7toCdFKczob2i0zCh7JE8kWn17yvAWhUVxvqGwUalsRA==}

  jsonify@0.0.1:
    resolution: {integrity: sha512-2/Ki0GcmuqSrgFyelQq9M05y7PS0mEwuIzrf3f1fPqkVDVRvZrPZtVSMHxdgo8Aq0sxAOb/cr2aqqA3LeWHVPg==, tarball: https://registry.npmjs.org/jsonify/-/jsonify-0.0.1.tgz}

  math-intrinsics@1.1.0:
    resolution: {integrity: sha512-/IXtbwEk5HTPyEwyKX6hGkYXxM9nbj64B+ilVJnC/R6B0pH5G4V3b0pVbL7DBj4tkhBAppbQUlf6F6Xl9LHu1g==, tarball: https://registry.npmjs.org/math-intrinsics/-/math-intrinsics-1.1.0.tgz}
    engines: {node: '>= 0.4'}

  ms@2.1.3:
    resolution: {integrity: sha512-6FlzubTLZG3J2a/NVCAleEhjzq5oxgHyaCU9yYXvcLsvoVaHJq/s5xXI6/XXP6tz7R9xAOtHnSO/tXtF3WRTlA==}

  node-fetch@2.7.0:
    resolution: {integrity: sha512-c4FRfUm/dbcWZ7U+1Wq0AwCyFL+3nt2bEw05wfxSz+DWpWsitgmSgYmy2dQdWyKC1694ELPqMs/YzUSNozLt8A==}
    engines: {node: 4.x || >=6.0.0}
    peerDependencies:
      encoding: ^0.1.0
    peerDependenciesMeta:
      encoding:
        optional: true

  node-gyp-build@4.8.4:
    resolution: {integrity: sha512-LA4ZjwlnUblHVgq0oBF3Jl/6h/Nvs5fzBLwdEF4nuxnFdsfajde4WfxtJr3CaiH+F6ewcIB/q4jQ4UzPyid+CQ==}
    hasBin: true

  object-keys@1.1.1:
    resolution: {integrity: sha512-NuAESUOUMrlIXOfHKzD6bpPu3tYt3xvjNdRIQ+FeT0lNb4K8WR70CaDxhuNguS2XG+GjkyMwOzsN5ZktImfhLA==, tarball: https://registry.npmjs.org/object-keys/-/object-keys-1.1.1.tgz}
    engines: {node: '>= 0.4'}

  picocolors@1.1.1:
    resolution: {integrity: sha512-xceH2snhtb5M9liqDsmEw56le376mTZkEX/jEb/RxNFyegNul7eNslCXP9FDj/Lcu0X8KEyMceP2ntpaHrDEVA==, tarball: https://registry.npmjs.org/picocolors/-/picocolors-1.1.1.tgz}

  rpc-websockets@9.3.3:
    resolution: {integrity: sha512-OkCsBBzrwxX4DoSv4Zlf9DgXKRB0MzVfCFg5MC+fNnf9ktr4SMWjsri0VNZQlDbCnGcImT6KNEv4ZoxktQhdpA==}

  safe-buffer@5.2.1:
    resolution: {integrity: sha512-rp3So07KcdmmKbGvgaNxQSJr7bGVSVk5S9Eq1F+ppbRo70+YeaDxkw5Dd8NPN+GD6bjnYm2VuPuCXmpuYvmCXQ==}

  set-function-length@1.2.2:
    resolution: {integrity: sha512-pgRc4hJ4/sNjWCSS9AmnS40x3bNMDTknHgL5UaMBTMyJnU90EgWh1Rz+MC9eFu4BuN/UwZjKQuY/1v3rM7HMfg==, tarball: https://registry.npmjs.org/set-function-length/-/set-function-length-1.2.2.tgz}
    engines: {node: '>= 0.4'}

  stream-chain@2.2.5:
    resolution: {integrity: sha512-1TJmBx6aSWqZ4tx7aTpBDXK0/e2hhcNSTV8+CbFJtDjbb+I1mZ8lHit0Grw9GRT+6JbIrrDd8esncgBi8aBXGA==}

  stream-json@1.9.1:
    resolution: {integrity: sha512-uWkjJ+2Nt/LO9Z/JyKZbMusL8Dkh97uUBTv3AJQ74y07lVahLY4eEFsPsE97pxYBwr8nnjMAIch5eqI0gPShyw==}

  superstruct@2.0.2:
    resolution: {integrity: sha512-uV+TFRZdXsqXTL2pRvujROjdZQ4RAlBUS5BTh9IGm+jTqQntYThciG/qu57Gs69yjnVUSqdxF9YLmSnpupBW9A==}
    engines: {node: '>=14.0.0'}

  text-encoding-utf-8@1.0.2:
    resolution: {integrity: sha512-8bw4MY9WjdsD2aMtO0OzOCY3pXGYNx2d2FfHRVUKkiCPDWjKuOlhLVASS+pD7VkLTVjW268LYJHwsnPFlBpbAg==}

  tr46@0.0.3:
    resolution: {integrity: sha512-N3WMsuqV66lT30CrXNbEjx4GEwlow3v6rr4mCcv6prnfwhS01rkgyFdjPNBYd9br7LpXV1+Emh01fHnq2Gdgrw==}

  tslib@2.8.1:
    resolution: {integrity: sha512-oJFu94HQb+KVduSUQL7wnpmqnfmLsOA/nAh6b6EH0wCEoK0/mPeXU6c3wKDV83MkOuHPRHtSXKKU99IBazS/2w==}

  typescript@5.9.3:
    resolution: {integrity: sha512-jl1vZzPDinLr9eUt3J/t7V6FgNEw9QjvBPdysz9KfQDD41fQrC2Y4vKQdiaUpFT4bXlb1RHhLpp8wtm6M5TgSw==, tarball: https://registry.npmjs.org/typescript/-/typescript-5.9.3.tgz}
    engines: {node: '>=14.17'}
    hasBin: true

  undici-types@7.16.0:
    resolution: {integrity: sha512-Zz+aZWSj8LE6zoxD+xrjh4VfkIG8Ya6LvYkZqtUQGJPZjYl53ypCaUwWqo7eI0x66KBGeRo+mlBEkMSeSZ38Nw==}

  utf-8-validate@5.0.10:
    resolution: {integrity: sha512-Z6czzLq4u8fPOyx7TU6X3dvUZVvoJmxSQ+IcrlmagKhilxlhZgxPK6C5Jqbkw1IDUmFTM+cz9QDnnLTwDz/2gQ==, tarball: https://registry.npmjs.org/utf-8-validate/-/utf-8-validate-5.0.10.tgz}
    engines: {node: '>=6.14.2'}

  uuid@8.3.2:
    resolution: {integrity: sha512-+NYs2QeMWy+GWFOEm9xnn6HCDp0l7QBD7ml8zLUmJ+93Q5NF0NocErnwkTkXVFNiX3/fpC6afS8Dhb/gz7R7eg==}
    hasBin: true

  webidl-conversions@3.0.1:
    resolution: {integrity: sha512-2JAn3z8AR6rjK8Sm8orRC0h/bcl/DqL7tRPdGZ4I1CjdF+EaMLmYxBHyXuKL849eucPFhvBoxMsflfOb8kxaeQ==}

  whatwg-url@5.0.0:
    resolution: {integrity: sha512-saE57nupxk6v3HY35+jzBwYa0rKSy0XR8JSxZPwgLr7ys0IBzhGviA1/TUGJLmSVqs8pb9AnvICXEuOHLprYTw==}

  ws@7.5.10:
    resolution: {integrity: sha512-+dbF1tHwZpXcbOJdVOkzLDxZP1ailvSxM6ZweXTegylPny803bFhA+vqBYw4s31NSAk4S2Qz+AKXK9a4wkdjcQ==}
    engines: {node: '>=8.3.0'}
    peerDependencies:
      bufferutil: ^4.0.1
      utf-8-validate: ^5.0.2
    peerDependenciesMeta:
      bufferutil:
        optional: true
      utf-8-validate:
        optional: true

  ws@8.19.0:
    resolution: {integrity: sha512-blAT2mjOEIi0ZzruJfIhb3nps74PRWTCz1IjglWEEpQl5XS/UNama6u2/rjFkDDouqr4L67ry+1aGIALViWjDg==}
    engines: {node: '>=10.0.0'}
    peerDependencies:
      bufferutil: ^4.0.1
      utf-8-validate: '>=5.0.2'
    peerDependenciesMeta:
      bufferutil:
        optional: true
      utf-8-validate:
        optional: true

snapshots:

  '@babel/runtime@7.28.6': {}

  '@codama/errors@1.8.0':
    dependencies:
      '@codama/node-types': 1.8.0
      commander: 14.0.3
      picocolors: 1.1.1

  '@codama/fragments@0.1.1':
    dependencies:
      '@codama/errors': 1.8.0

  '@codama/node-types@1.8.0': {}

  '@codama/nodes-from-anchor@1.5.1(fastestsmallesttextencoderdecoder@1.0.22)(typescript@5.9.3)':
    dependencies:
      '@codama/errors': 1.8.0
      '@codama/nodes': 1.8.0
      '@codama/visitors': 1.8.0
      '@noble/hashes': 2.0.1
      '@solana/codecs': 5.5.1(fastestsmallesttextencoderdecoder@1.0.22)(typescript@5.9.3)
    transitivePeerDependencies:
      - fastestsmallesttextencoderdecoder
      - typescript

  '@codama/nodes@1.8.0':
    dependencies:
      '@codama/errors': 1.8.0
      '@codama/node-types': 1.8.0

  '@codama/renderers-core@1.3.9':
    dependencies:
      '@codama/errors': 1.8.0
      '@codama/fragments': 0.1.1
      '@codama/nodes': 1.8.0
      '@codama/visitors-core': 1.8.0

  '@codama/visitors-core@1.8.0':
    dependencies:
      '@codama/errors': 1.8.0
      '@codama/nodes': 1.8.0
      json-stable-stringify: 1.3.0

  '@codama/visitors@1.8.0':
    dependencies:
      '@codama/errors': 1.8.0
      '@codama/nodes': 1.8.0
      '@codama/visitors-core': 1.8.0

  '@noble/curves@1.9.7':
    dependencies:
      '@noble/hashes': 1.8.0

  '@noble/hashes@1.8.0': {}

  '@noble/hashes@2.0.1': {}

  '@pratikbuilds/web3js-legacy@file:../../..(bufferutil@4.1.0)(fastestsmallesttextencoderdecoder@1.0.22)(typescript@5.9.3)(utf-8-validate@5.0.10)':
    dependencies:
      '@codama/errors': 1.8.0
      '@codama/nodes': 1.8.0
      '@codama/renderers-core': 1.3.9
      '@codama/visitors-core': 1.8.0
      '@solana/buffer-layout': 4.0.1
      '@solana/codecs': 3.0.3(fastestsmallesttextencoderdecoder@1.0.22)(typescript@5.9.3)
      '@solana/web3.js': 1.98.4(bufferutil@4.1.0)(typescript@5.9.3)(utf-8-validate@5.0.10)
    transitivePeerDependencies:
      - bufferutil
      - encoding
      - fastestsmallesttextencoderdecoder
      - typescript
      - utf-8-validate

  '@solana/buffer-layout@4.0.1':
    dependencies:
      buffer: 6.0.3

  '@solana/codecs-core@2.3.0(typescript@5.9.3)':
    dependencies:
      '@solana/errors': 2.3.0(typescript@5.9.3)
      typescript: 5.9.3

  '@solana/codecs-core@3.0.3(typescript@5.9.3)':
    dependencies:
      '@solana/errors': 3.0.3(typescript@5.9.3)
      typescript: 5.9.3

  '@solana/codecs-core@5.5.1(typescript@5.9.3)':
    dependencies:
      '@solana/errors': 5.5.1(typescript@5.9.3)
    optionalDependencies:
      typescript: 5.9.3

  '@solana/codecs-data-structures@3.0.3(typescript@5.9.3)':
    dependencies:
      '@solana/codecs-core': 3.0.3(typescript@5.9.3)
      '@solana/codecs-numbers': 3.0.3(typescript@5.9.3)
      '@solana/errors': 3.0.3(typescript@5.9.3)
      typescript: 5.9.3

  '@solana/codecs-data-structures@5.5.1(typescript@5.9.3)':
    dependencies:
      '@solana/codecs-core': 5.5.1(typescript@5.9.3)
      '@solana/codecs-numbers': 5.5.1(typescript@5.9.3)
      '@solana/errors': 5.5.1(typescript@5.9.3)
    optionalDependencies:
      typescript: 5.9.3

  '@solana/codecs-numbers@2.3.0(typescript@5.9.3)':
    dependencies:
      '@solana/codecs-core': 2.3.0(typescript@5.9.3)
      '@solana/errors': 2.3.0(typescript@5.9.3)
      typescript: 5.9.3

  '@solana/codecs-numbers@3.0.3(typescript@5.9.3)':
    dependencies:
      '@solana/codecs-core': 3.0.3(typescript@5.9.3)
      '@solana/errors': 3.0.3(typescript@5.9.3)
      typescript: 5.9.3

  '@solana/codecs-numbers@5.5.1(typescript@5.9.3)':
    dependencies:
      '@solana/codecs-core': 5.5.1(typescript@5.9.3)
      '@solana/errors': 5.5.1(typescript@5.9.3)
    optionalDependencies:
      typescript: 5.9.3

  '@solana/codecs-strings@3.0.3(fastestsmallesttextencoderdecoder@1.0.22)(typescript@5.9.3)':
    dependencies:
      '@solana/codecs-core': 3.0.3(typescript@5.9.3)
      '@solana/codecs-numbers': 3.0.3(typescript@5.9.3)
      '@solana/errors': 3.0.3(typescript@5.9.3)
      fastestsmallesttextencoderdecoder: 1.0.22
      typescript: 5.9.3

  '@solana/codecs-strings@5.5.1(fastestsmallesttextencoderdecoder@1.0.22)(typescript@5.9.3)':
    dependencies:
      '@solana/codecs-core': 5.5.1(typescript@5.9.3)
      '@solana/codecs-numbers': 5.5.1(typescript@5.9.3)
      '@solana/errors': 5.5.1(typescript@5.9.3)
    optionalDependencies:
      fastestsmallesttextencoderdecoder: 1.0.22
      typescript: 5.9.3

  '@solana/codecs@3.0.3(fastestsmallesttextencoderdecoder@1.0.22)(typescript@5.9.3)':
    dependencies:
      '@solana/codecs-core': 3.0.3(typescript@5.9.3)
      '@solana/codecs-data-structures': 3.0.3(typescript@5.9.3)
      '@solana/codecs-numbers': 3.0.3(typescript@5.9.3)
      '@solana/codecs-strings': 3.0.3(fastestsmallesttextencoderdecoder@1.0.22)(typescript@5.9.3)
      '@solana/options': 3.0.3(fastestsmallesttextencoderdecoder@1.0.22)(typescript@5.9.3)
      typescript: 5.9.3
    transitivePeerDependencies:
      - fastestsmallesttextencoderdecoder

  '@solana/codecs@5.5.1(fastestsmallesttextencoderdecoder@1.0.22)(typescript@5.9.3)':
    dependencies:
      '@solana/codecs-core': 5.5.1(typescript@5.9.3)
      '@solana/codecs-data-structures': 5.5.1(typescript@5.9.3)
      '@solana/codecs-numbers': 5.5.1(typescript@5.9.3)
      '@solana/codecs-strings': 5.5.1(fastestsmallesttextencoderdecoder@1.0.22)(typescript@5.9.3)
      '@solana/options': 5.5.1(fastestsmallesttextencoderdecoder@1.0.22)(typescript@5.9.3)
    optionalDependencies:
      typescript: 5.9.3
    transitivePeerDependencies:
      - fastestsmallesttextencoderdecoder

  '@solana/errors@2.3.0(typescript@5.9.3)':
    dependencies:
      chalk: 5.6.2
      commander: 14.0.3
      typescript: 5.9.3

  '@solana/errors@3.0.3(typescript@5.9.3)':
    dependencies:
      chalk: 5.6.2
      commander: 14.0.0
      typescript: 5.9.3

  '@solana/errors@5.5.1(typescript@5.9.3)':
    dependencies:
      chalk: 5.6.2
      commander: 14.0.2
    optionalDependencies:
      typescript: 5.9.3

  '@solana/options@3.0.3(fastestsmallesttextencoderdecoder@1.0.22)(typescript@5.9.3)':
    dependencies:
      '@solana/codecs-core': 3.0.3(typescript@5.9.3)
      '@solana/codecs-data-structures': 3.0.3(typescript@5.9.3)
      '@solana/codecs-numbers': 3.0.3(typescript@5.9.3)
      '@solana/codecs-strings': 3.0.3(fastestsmallesttextencoderdecoder@1.0.22)(typescript@5.9.3)
      '@solana/errors': 3.0.3(typescript@5.9.3)
      typescript: 5.9.3
    transitivePeerDependencies:
      - fastestsmallesttextencoderdecoder

  '@solana/options@5.5.1(fastestsmallesttextencoderdecoder@1.0.22)(typescript@5.9.3)':
    dependencies:
      '@solana/codecs-core': 5.5.1(typescript@5.9.3)
      '@solana/codecs-data-structures': 5.5.1(typescript@5.9.3)
      '@solana/codecs-numbers': 5.5.1(typescript@5.9.3)
      '@solana/codecs-strings': 5.5.1(fastestsmallesttextencoderdecoder@1.0.22)(typescript@5.9.3)
      '@solana/errors': 5.5.1(typescript@5.9.3)
    optionalDependencies:
      typescript: 5.9.3
    transitivePeerDependencies:
      - fastestsmallesttextencoderdecoder

  '@solana/web3.js@1.98.4(bufferutil@4.1.0)(typescript@5.9.3)(utf-8-validate@5.0.10)':
    dependencies:
      '@babel/runtime': 7.28.6
      '@noble/curves': 1.9.7
      '@noble/hashes': 1.8.0
      '@solana/buffer-layout': 4.0.1
      '@solana/codecs-numbers': 2.3.0(typescript@5.9.3)
      agentkeepalive: 4.6.0
      bn.js: 5.2.2
      borsh: 0.7.0
      bs58: 4.0.1
      buffer: 6.0.3
      fast-stable-stringify: 1.0.0
      jayson: 4.3.0(bufferutil@4.1.0)(utf-8-validate@5.0.10)
      node-fetch: 2.7.0
      rpc-websockets: 9.3.3
      superstruct: 2.0.2
    transitivePeerDependencies:
      - bufferutil
      - encoding
      - typescript
      - utf-8-validate

  '@swc/helpers@0.5.18':
    dependencies:
      tslib: 2.8.1

  '@types/connect@3.4.38':
    dependencies:
      '@types/node': 12.20.55

  '@types/node@12.20.55': {}

  '@types/node@25.2.3':
    dependencies:
      undici-types: 7.16.0

  '@types/uuid@8.3.4': {}

  '@types/ws@7.4.7':
    dependencies:
      '@types/node': 12.20.55

  '@types/ws@8.18.1':
    dependencies:
      '@types/node': 25.2.3

  agentkeepalive@4.6.0:
    dependencies:
      humanize-ms: 1.2.1

  base-x@3.0.11:
    dependencies:
      safe-buffer: 5.2.1

  base64-js@1.5.1: {}

  bn.js@5.2.2: {}

  borsh@0.7.0:
    dependencies:
      bn.js: 5.2.2
      bs58: 4.0.1
      text-encoding-utf-8: 1.0.2

  bs58@4.0.1:
    dependencies:
      base-x: 3.0.11

  buffer@6.0.3:
    dependencies:
      base64-js: 1.5.1
      ieee754: 1.2.1

  bufferutil@4.1.0:
    dependencies:
      node-gyp-build: 4.8.4
    optional: true

  call-bind-apply-helpers@1.0.2:
    dependencies:
      es-errors: 1.3.0
      function-bind: 1.1.2

  call-bind@1.0.8:
    dependencies:
      call-bind-apply-helpers: 1.0.2
      es-define-property: 1.0.1
      get-intrinsic: 1.3.0
      set-function-length: 1.2.2

  call-bound@1.0.4:
    dependencies:
      call-bind-apply-helpers: 1.0.2
      get-intrinsic: 1.3.0

  chalk@5.6.2: {}

  commander@14.0.0: {}

  commander@14.0.2: {}

  commander@14.0.3: {}

  commander@2.20.3: {}

  define-data-property@1.1.4:
    dependencies:
      es-define-property: 1.0.1
      es-errors: 1.3.0
      gopd: 1.2.0

  delay@5.0.0: {}

  dunder-proto@1.0.1:
    dependencies:
      call-bind-apply-helpers: 1.0.2
      es-errors: 1.3.0
      gopd: 1.2.0

  es-define-property@1.0.1: {}

  es-errors@1.3.0: {}

  es-object-atoms@1.1.1:
    dependencies:
      es-errors: 1.3.0

  es6-promise@4.2.8: {}

  es6-promisify@5.0.0:
    dependencies:
      es6-promise: 4.2.8

  eventemitter3@5.0.4: {}

  eyes@0.1.8: {}

  fast-stable-stringify@1.0.0: {}

  fastestsmallesttextencoderdecoder@1.0.22: {}

  function-bind@1.1.2: {}

  get-intrinsic@1.3.0:
    dependencies:
      call-bind-apply-helpers: 1.0.2
      es-define-property: 1.0.1
      es-errors: 1.3.0
      es-object-atoms: 1.1.1
      function-bind: 1.1.2
      get-proto: 1.0.1
      gopd: 1.2.0
      has-symbols: 1.1.0
      hasown: 2.0.2
      math-intrinsics: 1.1.0

  get-proto@1.0.1:
    dependencies:
      dunder-proto: 1.0.1
      es-object-atoms: 1.1.1

  gopd@1.2.0: {}

  has-property-descriptors@1.0.2:
    dependencies:
      es-define-property: 1.0.1

  has-symbols@1.1.0: {}

  hasown@2.0.2:
    dependencies:
      function-bind: 1.1.2

  humanize-ms@1.2.1:
    dependencies:
      ms: 2.1.3

  ieee754@1.2.1: {}

  isarray@2.0.5: {}

  isomorphic-ws@4.0.1(ws@7.5.10(bufferutil@4.1.0)(utf-8-validate@5.0.10)):
    dependencies:
      ws: 7.5.10(bufferutil@4.1.0)(utf-8-validate@5.0.10)

  jayson@4.3.0(bufferutil@4.1.0)(utf-8-validate@5.0.10):
    dependencies:
      '@types/connect': 3.4.38
      '@types/node': 12.20.55
      '@types/ws': 7.4.7
      commander: 2.20.3
      delay: 5.0.0
      es6-promisify: 5.0.0
      eyes: 0.1.8
      isomorphic-ws: 4.0.1(ws@7.5.10(bufferutil@4.1.0)(utf-8-validate@5.0.10))
      json-stringify-safe: 5.0.1
      stream-json: 1.9.1
      uuid: 8.3.2
      ws: 7.5.10(bufferutil@4.1.0)(utf-8-validate@5.0.10)
    transitivePeerDependencies:
      - bufferutil
      - utf-8-validate

  json-stable-stringify@1.3.0:
    dependencies:
      call-bind: 1.0.8
      call-bound: 1.0.4
      isarray: 2.0.5
      jsonify: 0.0.1
      object-keys: 1.1.1

  json-stringify-safe@5.0.1: {}

  jsonify@0.0.1: {}

  math-intrinsics@1.1.0: {}

  ms@2.1.3: {}

  node-fetch@2.7.0:
    dependencies:
      whatwg-url: 5.0.0

  node-gyp-build@4.8.4:
    optional: true

  object-keys@1.1.1: {}

  picocolors@1.1.1: {}

  rpc-websockets@9.3.3:
    dependencies:
      '@swc/helpers': 0.5.18
      '@types/uuid': 8.3.4
      '@types/ws': 8.18.1
      buffer: 6.0.3
      eventemitter3: 5.0.4
      uuid: 8.3.2
      ws: 8.19.0(bufferutil@4.1.0)(utf-8-validate@5.0.10)
    optionalDependencies:
      bufferutil: 4.1.0
      utf-8-validate: 5.0.10

  safe-buffer@5.2.1: {}

  set-function-length@1.2.2:
    dependencies:
      define-data-property: 1.1.4
      es-errors: 1.3.0
      function-bind: 1.1.2
      get-intrinsic: 1.3.0
      gopd: 1.2.0
      has-property-descriptors: 1.0.2

  stream-chain@2.2.5: {}

  stream-json@1.9.1:
    dependencies:
      stream-chain: 2.2.5

  superstruct@2.0.2: {}

  text-encoding-utf-8@1.0.2: {}

  tr46@0.0.3: {}

  tslib@2.8.1: {}

  typescript@5.9.3: {}

  undici-types@7.16.0: {}

  utf-8-validate@5.0.10:
    dependencies:
      node-gyp-build: 4.8.4
    optional: true

  uuid@8.3.2: {}

  webidl-conversions@3.0.1: {}

  whatwg-url@5.0.0:
    dependencies:
      tr46: 0.0.3
      webidl-conversions: 3.0.1

  ws@7.5.10(bufferutil@4.1.0)(utf-8-validate@5.0.10):
    optionalDependencies:
      bufferutil: 4.1.0
      utf-8-validate: 5.0.10

  ws@8.19.0(bufferutil@4.1.0)(utf-8-validate@5.0.10):
    optionalDependencies:
      bufferutil: 4.1.0
      utf-8-validate: 5.0.10
